// !$*UTF8*$!
{
	archiveVersion = 1;
	classes = {
	};
	objectVersion = 50;
	objects = {

/* Begin PBXBuildFile section */
		4D12131F20CB7CBA006B6F36 /* AppDelegate.swift in Sources */ = {isa = PBXBuildFile; fileRef = 4D12131E20CB7CBA006B6F36 /* AppDelegate.swift */; };
		4D12132120CB7CBA006B6F36 /* MapVC.swift in Sources */ = {isa = PBXBuildFile; fileRef = 4D12132020CB7CBA006B6F36 /* MapVC.swift */; };
		4D12132420CB7CBA006B6F36 /* Main.storyboard in Resources */ = {isa = PBXBuildFile; fileRef = 4D12132220CB7CBA006B6F36 /* Main.storyboard */; };
		4D12132720CB7CBA006B6F36 /* allezVoyagez.xcdatamodeld in Sources */ = {isa = PBXBuildFile; fileRef = 4D12132520CB7CBA006B6F36 /* allezVoyagez.xcdatamodeld */; };
		4D12132920CB7CBB006B6F36 /* Assets.xcassets in Resources */ = {isa = PBXBuildFile; fileRef = 4D12132820CB7CBB006B6F36 /* Assets.xcassets */; };
		4D12132C20CB7CBB006B6F36 /* LaunchScreen.storyboard in Resources */ = {isa = PBXBuildFile; fileRef = 4D12132A20CB7CBB006B6F36 /* LaunchScreen.storyboard */; };
		4D586B5B20CEADFE00F92712 /* PopVC.swift in Sources */ = {isa = PBXBuildFile; fileRef = 4D586B5A20CEADFE00F92712 /* PopVC.swift */; };
		4DA53C6320CE18B900680FE5 /* PhotoCell.swift in Sources */ = {isa = PBXBuildFile; fileRef = 4DA53C6220CE18B900680FE5 /* PhotoCell.swift */; };
		4DA53C6520CE25A700680FE5 /* Constant.swift in Sources */ = {isa = PBXBuildFile; fileRef = 4DA53C6420CE25A700680FE5 /* Constant.swift */; };
		4DC8675020CCF56F004A55A0 /* DroppablePin.swift in Sources */ = {isa = PBXBuildFile; fileRef = 4DC8674F20CCF56F004A55A0 /* DroppablePin.swift */; };
		E808B9B3F43B5A609CDF0434 /* Pods_allezVoyagez.framework in Frameworks */ = {isa = PBXBuildFile; fileRef = 952ECD52483CCC2026F2F292 /* Pods_allezVoyagez.framework */; };
/* End PBXBuildFile section */

/* Begin PBXFileReference section */
		4D12131B20CB7CBA006B6F36 /* allezVoyagez.app */ = {isa = PBXFileReference; explicitFileType = wrapper.application; includeInIndex = 0; path = allezVoyagez.app; sourceTree = BUILT_PRODUCTS_DIR; };
		4D12131E20CB7CBA006B6F36 /* AppDelegate.swift */ = {isa = PBXFileReference; lastKnownFileType = sourcecode.swift; path = AppDelegate.swift; sourceTree = "<group>"; };
		4D12132020CB7CBA006B6F36 /* MapVC.swift */ = {isa = PBXFileReference; lastKnownFileType = sourcecode.swift; path = MapVC.swift; sourceTree = "<group>"; };
		4D12132320CB7CBA006B6F36 /* Base */ = {isa = PBXFileReference; lastKnownFileType = file.storyboard; name = Base; path = Base.lproj/Main.storyboard; sourceTree = "<group>"; };
		4D12132620CB7CBA006B6F36 /* allezVoyagez.xcdatamodel */ = {isa = PBXFileReference; lastKnownFileType = wrapper.xcdatamodel; path = allezVoyagez.xcdatamodel; sourceTree = "<group>"; };
		4D12132820CB7CBB006B6F36 /* Assets.xcassets */ = {isa = PBXFileReference; lastKnownFileType = folder.assetcatalog; path = Assets.xcassets; sourceTree = "<group>"; };
		4D12132B20CB7CBB006B6F36 /* Base */ = {isa = PBXFileReference; lastKnownFileType = file.storyboard; name = Base; path = Base.lproj/LaunchScreen.storyboard; sourceTree = "<group>"; };
		4D12132D20CB7CBB006B6F36 /* Info.plist */ = {isa = PBXFileReference; lastKnownFileType = text.plist.xml; path = Info.plist; sourceTree = "<group>"; };
		4D586B5A20CEADFE00F92712 /* PopVC.swift */ = {isa = PBXFileReference; lastKnownFileType = sourcecode.swift; path = PopVC.swift; sourceTree = "<group>"; };
		4DA53C6220CE18B900680FE5 /* PhotoCell.swift */ = {isa = PBXFileReference; lastKnownFileType = sourcecode.swift; path = PhotoCell.swift; sourceTree = "<group>"; };
		4DA53C6420CE25A700680FE5 /* Constant.swift */ = {isa = PBXFileReference; lastKnownFileType = sourcecode.swift; path = Constant.swift; sourceTree = "<group>"; };
		4DC8674F20CCF56F004A55A0 /* DroppablePin.swift */ = {isa = PBXFileReference; lastKnownFileType = sourcecode.swift; path = DroppablePin.swift; sourceTree = "<group>"; };
		952ECD52483CCC2026F2F292 /* Pods_allezVoyagez.framework */ = {isa = PBXFileReference; explicitFileType = wrapper.framework; includeInIndex = 0; path = Pods_allezVoyagez.framework; sourceTree = BUILT_PRODUCTS_DIR; };
		99E0D85B286E36577565A488 /* Pods-allezVoyagez.release.xcconfig */ = {isa = PBXFileReference; includeInIndex = 1; lastKnownFileType = text.xcconfig; name = "Pods-allezVoyagez.release.xcconfig"; path = "Pods/Target Support Files/Pods-allezVoyagez/Pods-allezVoyagez.release.xcconfig"; sourceTree = "<group>"; };
		D836EAD77F36D8155E59D33C /* Pods-allezVoyagez.debug.xcconfig */ = {isa = PBXFileReference; includeInIndex = 1; lastKnownFileType = text.xcconfig; name = "Pods-allezVoyagez.debug.xcconfig"; path = "Pods/Target Support Files/Pods-allezVoyagez/Pods-allezVoyagez.debug.xcconfig"; sourceTree = "<group>"; };
/* End PBXFileReference section */

/* Begin PBXFrameworksBuildPhase section */
		4D12131820CB7CBA006B6F36 /* Frameworks */ = {
			isa = PBXFrameworksBuildPhase;
			buildActionMask = 2147483647;
			files = (
				E808B9B3F43B5A609CDF0434 /* Pods_allezVoyagez.framework in Frameworks */,
			);
			runOnlyForDeploymentPostprocessing = 0;
		};
/* End PBXFrameworksBuildPhase section */

/* Begin PBXGroup section */
		22DD25F6B712DBB15A157CC8 /* Frameworks */ = {
			isa = PBXGroup;
			children = (
				952ECD52483CCC2026F2F292 /* Pods_allezVoyagez.framework */,
			);
			name = Frameworks;
			sourceTree = "<group>";
		};
		4D12131220CB7CBA006B6F36 = {
			isa = PBXGroup;
			children = (
				4D12131D20CB7CBA006B6F36 /* allezVoyagez */,
				4D12131C20CB7CBA006B6F36 /* Products */,
				C95965BFE5F2F07BCBB01DF7 /* Pods */,
				22DD25F6B712DBB15A157CC8 /* Frameworks */,
			);
			sourceTree = "<group>";
		};
		4D12131C20CB7CBA006B6F36 /* Products */ = {
			isa = PBXGroup;
			children = (
				4D12131B20CB7CBA006B6F36 /* allezVoyagez.app */,
			);
			name = Products;
			sourceTree = "<group>";
		};
		4D12131D20CB7CBA006B6F36 /* allezVoyagez */ = {
			isa = PBXGroup;
			children = (
				4D12133620CB7EE8006B6F36 /* Model */,
				4D12133420CB7ECB006B6F36 /* Controllers */,
				4D12133320CB7EC1006B6F36 /* View */,
				4D12131E20CB7CBA006B6F36 /* AppDelegate.swift */,
				4D12132820CB7CBB006B6F36 /* Assets.xcassets */,
				4D12132A20CB7CBB006B6F36 /* LaunchScreen.storyboard */,
				4D12132D20CB7CBB006B6F36 /* Info.plist */,
				4D12132520CB7CBA006B6F36 /* allezVoyagez.xcdatamodeld */,
			);
			path = allezVoyagez;
			sourceTree = "<group>";
		};
		4D12133320CB7EC1006B6F36 /* View */ = {
			isa = PBXGroup;
			children = (
				4D12132220CB7CBA006B6F36 /* Main.storyboard */,
			);
			path = View;
			sourceTree = "<group>";
		};
		4D12133420CB7ECB006B6F36 /* Controllers */ = {
			isa = PBXGroup;
			children = (
				4D12132020CB7CBA006B6F36 /* MapVC.swift */,
				4DC8674F20CCF56F004A55A0 /* DroppablePin.swift */,
				4DA53C6220CE18B900680FE5 /* PhotoCell.swift */,
				4D586B5A20CEADFE00F92712 /* PopVC.swift */,
			);
			path = Controllers;
			sourceTree = "<group>";
		};
		4D12133520CB7ED4006B6F36 /* Extensions */ = {
			isa = PBXGroup;
			children = (
			);
			path = Extensions;
			sourceTree = "<group>";
		};
		4D12133620CB7EE8006B6F36 /* Model */ = {
			isa = PBXGroup;
			children = (
				4D12133520CB7ED4006B6F36 /* Extensions */,
				4DA53C6420CE25A700680FE5 /* Constant.swift */,
			);
			path = Model;
			sourceTree = "<group>";
		};
		C95965BFE5F2F07BCBB01DF7 /* Pods */ = {
			isa = PBXGroup;
			children = (
				D836EAD77F36D8155E59D33C /* Pods-allezVoyagez.debug.xcconfig */,
				99E0D85B286E36577565A488 /* Pods-allezVoyagez.release.xcconfig */,
			);
			name = Pods;
			sourceTree = "<group>";
		};
/* End PBXGroup section */

/* Begin PBXNativeTarget section */
		4D12131A20CB7CBA006B6F36 /* allezVoyagez */ = {
			isa = PBXNativeTarget;
			buildConfigurationList = 4D12133020CB7CBB006B6F36 /* Build configuration list for PBXNativeTarget "allezVoyagez" */;
			buildPhases = (
				538E0C4B75E02225CF7C54D1 /* [CP] Check Pods Manifest.lock */,
				4D12131720CB7CBA006B6F36 /* Sources */,
				4D12131820CB7CBA006B6F36 /* Frameworks */,
				4D12131920CB7CBA006B6F36 /* Resources */,
				7EC5F57487F6ADA4C3884E83 /* [CP] Embed Pods Frameworks */,
			);
			buildRules = (
			);
			dependencies = (
			);
			name = allezVoyagez;
			productName = allezVoyagez;
			productReference = 4D12131B20CB7CBA006B6F36 /* allezVoyagez.app */;
			productType = "com.apple.product-type.application";
		};
/* End PBXNativeTarget section */

/* Begin PBXProject section */
		4D12131320CB7CBA006B6F36 /* Project object */ = {
			isa = PBXProject;
			attributes = {
				LastSwiftUpdateCheck = 0940;
				LastUpgradeCheck = 0940;
				ORGANIZATIONNAME = "唐嘉伶";
				TargetAttributes = {
					4D12131A20CB7CBA006B6F36 = {
						CreatedOnToolsVersion = 9.4;
					};
				};
			};
			buildConfigurationList = 4D12131620CB7CBA006B6F36 /* Build configuration list for PBXProject "allezVoyagez" */;
			compatibilityVersion = "Xcode 9.3";
			developmentRegion = en;
			hasScannedForEncodings = 0;
			knownRegions = (
				en,
				Base,
			);
			mainGroup = 4D12131220CB7CBA006B6F36;
			productRefGroup = 4D12131C20CB7CBA006B6F36 /* Products */;
			projectDirPath = "";
			projectRoot = "";
			targets = (
				4D12131A20CB7CBA006B6F36 /* allezVoyagez */,
			);
		};
/* End PBXProject section */

/* Begin PBXResourcesBuildPhase section */
		4D12131920CB7CBA006B6F36 /* Resources */ = {
			isa = PBXResourcesBuildPhase;
			buildActionMask = 2147483647;
			files = (
				4D12132C20CB7CBB006B6F36 /* LaunchScreen.storyboard in Resources */,
				4D12132920CB7CBB006B6F36 /* Assets.xcassets in Resources */,
				4D12132420CB7CBA006B6F36 /* Main.storyboard in Resources */,
			);
			runOnlyForDeploymentPostprocessing = 0;
		};
/* End PBXResourcesBuildPhase section */

/* Begin PBXShellScriptBuildPhase section */
		538E0C4B75E02225CF7C54D1 /* [CP] Check Pods Manifest.lock */ = {
			isa = PBXShellScriptBuildPhase;
			buildActionMask = 2147483647;
			files = (
			);
			inputPaths = (
				"${PODS_PODFILE_DIR_PATH}/Podfile.lock",
				"${PODS_ROOT}/Manifest.lock",
			);
			name = "[CP] Check Pods Manifest.lock";
			outputPaths = (
				"$(DERIVED_FILE_DIR)/Pods-allezVoyagez-checkManifestLockResult.txt",
			);
			runOnlyForDeploymentPostprocessing = 0;
			shellPath = /bin/sh;
			shellScript = "diff \"${PODS_PODFILE_DIR_PATH}/Podfile.lock\" \"${PODS_ROOT}/Manifest.lock\" > /dev/null\nif [ $? != 0 ] ; then\n    # print error to STDERR\n    echo \"error: The sandbox is not in sync with the Podfile.lock. Run 'pod install' or update your CocoaPods installation.\" >&2\n    exit 1\nfi\n# This output is used by Xcode 'outputs' to avoid re-running this script phase.\necho \"SUCCESS\" > \"${SCRIPT_OUTPUT_FILE_0}\"\n";
			showEnvVarsInLog = 0;
		};
		7EC5F57487F6ADA4C3884E83 /* [CP] Embed Pods Frameworks */ = {
			isa = PBXShellScriptBuildPhase;
			buildActionMask = 2147483647;
			files = (
			);
			inputPaths = (
				"${SRCROOT}/Pods/Target Support Files/Pods-allezVoyagez/Pods-allezVoyagez-frameworks.sh",
				"${BUILT_PRODUCTS_DIR}/Alamofire/Alamofire.framework",
				"${BUILT_PRODUCTS_DIR}/AlamofireImage/AlamofireImage.framework",
			);
			name = "[CP] Embed Pods Frameworks";
			outputPaths = (
				"${TARGET_BUILD_DIR}/${FRAMEWORKS_FOLDER_PATH}/Alamofire.framework",
				"${TARGET_BUILD_DIR}/${FRAMEWORKS_FOLDER_PATH}/AlamofireImage.framework",
			);
			runOnlyForDeploymentPostprocessing = 0;
			shellPath = /bin/sh;
			shellScript = "\"${SRCROOT}/Pods/Target Support Files/Pods-allezVoyagez/Pods-allezVoyagez-frameworks.sh\"\n";
			showEnvVarsInLog = 0;
		};
/* End PBXShellScriptBuildPhase section */

/* Begin PBXSourcesBuildPhase section */
		4D12131720CB7CBA006B6F36 /* Sources */ = {
			isa = PBXSourcesBuildPhase;
			buildActionMask = 2147483647;
			files = (
				4D12132120CB7CBA006B6F36 /* MapVC.swift in Sources */,
				4DA53C6320CE18B900680FE5 /* PhotoCell.swift in Sources */,
				4D586B5B20CEADFE00F92712 /* PopVC.swift in Sources */,
				4DC8675020CCF56F004A55A0 /* DroppablePin.swift in Sources */,
				4D12132720CB7CBA006B6F36 /* allezVoyagez.xcdatamodeld in Sources */,
				4D12131F20CB7CBA006B6F36 /* AppDelegate.swift in Sources */,
				4DA53C6520CE25A700680FE5 /* Constant.swift in Sources */,
			);
			runOnlyForDeploymentPostprocessing = 0;
		};
/* End PBXSourcesBuildPhase section */

/* Begin PBXVariantGroup section */
		4D12132220CB7CBA006B6F36 /* Main.storyboard */ = {
			isa = PBXVariantGroup;
			children = (
				4D12132320CB7CBA006B6F36 /* Base */,
			);
			name = Main.storyboard;
			sourceTree = "<group>";
		};
		4D12132A20CB7CBB006B6F36 /* LaunchScreen.storyboard */ = {
			isa = PBXVariantGroup;
			children = (
				4D12132B20CB7CBB006B6F36 /* Base */,
			);
			name = LaunchScreen.storyboard;
			sourceTree = "<group>";
		};
/* End PBXVariantGroup section */

/* Begin XCBuildConfiguration section */
		4D12132E20CB7CBB006B6F36 /* Debug */ = {
			isa = XCBuildConfiguration;
			buildSettings = {
				ALWAYS_SEARCH_USER_PATHS = NO;
				CLANG_ANALYZER_NONNULL = YES;
				CLANG_ANALYZER_NUMBER_OBJECT_CONVERSION = YES_AGGRESSIVE;
				CLANG_CXX_LANGUAGE_STANDARD = "gnu++14";
				CLANG_CXX_LIBRARY = "libc++";
				CLANG_ENABLE_MODULES = YES;
				CLANG_ENABLE_OBJC_ARC = YES;
				CLANG_ENABLE_OBJC_WEAK = YES;
				CLANG_WARN_BLOCK_CAPTURE_AUTORELEASING = YES;
				CLANG_WARN_BOOL_CONVERSION = YES;
				CLANG_WARN_COMMA = YES;
				CLANG_WARN_CONSTANT_CONVERSION = YES;
				CLANG_WARN_DEPRECATED_OBJC_IMPLEMENTATIONS = YES;
				CLANG_WARN_DIRECT_OBJC_ISA_USAGE = YES_ERROR;
				CLANG_WARN_DOCUMENTATION_COMMENTS = YES;
				CLANG_WARN_EMPTY_BODY = YES;
				CLANG_WARN_ENUM_CONVERSION = YES;
				CLANG_WARN_INFINITE_RECURSION = YES;
				CLANG_WARN_INT_CONVERSION = YES;
				CLANG_WARN_NON_LITERAL_NULL_CONVERSION = YES;
				CLANG_WARN_OBJC_IMPLICIT_RETAIN_SELF = YES;
				CLANG_WARN_OBJC_LITERAL_CONVERSION = YES;
				CLANG_WARN_OBJC_ROOT_CLASS = YES_ERROR;
				CLANG_WARN_RANGE_LOOP_ANALYSIS = YES;
				CLANG_WARN_STRICT_PROTOTYPES = YES;
				CLANG_WARN_SUSPICIOUS_MOVE = YES;
				CLANG_WARN_UNGUARDED_AVAILABILITY = YES_AGGRESSIVE;
				CLANG_WARN_UNREACHABLE_CODE = YES;
				CLANG_WARN__DUPLICATE_METHOD_MATCH = YES;
				CODE_SIGN_IDENTITY = "iPhone Developer";
				COPY_PHASE_STRIP = NO;
				DEBUG_INFORMATION_FORMAT = dwarf;
				ENABLE_STRICT_OBJC_MSGSEND = YES;
				ENABLE_TESTABILITY = YES;
				GCC_C_LANGUAGE_STANDARD = gnu11;
				GCC_DYNAMIC_NO_PIC = NO;
				GCC_NO_COMMON_BLOCKS = YES;
				GCC_OPTIMIZATION_LEVEL = 0;
				GCC_PREPROCESSOR_DEFINITIONS = (
					"DEBUG=1",
					"$(inherited)",
				);
				GCC_WARN_64_TO_32_BIT_CONVERSION = YES;
				GCC_WARN_ABOUT_RETURN_TYPE = YES_ERROR;
				GCC_WARN_UNDECLARED_SELECTOR = YES;
				GCC_WARN_UNINITIALIZED_AUTOS = YES_AGGRESSIVE;
				GCC_WARN_UNUSED_FUNCTION = YES;
				GCC_WARN_UNUSED_VARIABLE = YES;
				IPHONEOS_DEPLOYMENT_TARGET = 11.4;
				MTL_ENABLE_DEBUG_INFO = YES;
				ONLY_ACTIVE_ARCH = YES;
				SDKROOT = iphoneos;
				SWIFT_ACTIVE_COMPILATION_CONDITIONS = DEBUG;
				SWIFT_OPTIMIZATION_LEVEL = "-Onone";
			};
			name = Debug;
		};
		4D12132F20CB7CBB006B6F36 /* Release */ = {
			isa = XCBuildConfiguration;
			buildSettings = {
				ALWAYS_SEARCH_USER_PATHS = NO;
				CLANG_ANALYZER_NONNULL = YES;
				CLANG_ANALYZER_NUMBER_OBJECT_CONVERSION = YES_AGGRESSIVE;
				CLANG_CXX_LANGUAGE_STANDARD = "gnu++14";
				CLANG_CXX_LIBRARY = "libc++";
				CLANG_ENABLE_MODULES = YES;
				CLANG_ENABLE_OBJC_ARC = YES;
				CLANG_ENABLE_OBJC_WEAK = YES;
				CLANG_WARN_BLOCK_CAPTURE_AUTORELEASING = YES;
				CLANG_WARN_BOOL_CONVERSION = YES;
				CLANG_WARN_COMMA = YES;
				CLANG_WARN_CONSTANT_CONVERSION = YES;
				CLANG_WARN_DEPRECATED_OBJC_IMPLEMENTATIONS = YES;
				CLANG_WARN_DIRECT_OBJC_ISA_USAGE = YES_ERROR;
				CLANG_WARN_DOCUMENTATION_COMMENTS = YES;
				CLANG_WARN_EMPTY_BODY = YES;
				CLANG_WARN_ENUM_CONVERSION = YES;
				CLANG_WARN_INFINITE_RECURSION = YES;
				CLANG_WARN_INT_CONVERSION = YES;
				CLANG_WARN_NON_LITERAL_NULL_CONVERSION = YES;
				CLANG_WARN_OBJC_IMPLICIT_RETAIN_SELF = YES;
				CLANG_WARN_OBJC_LITERAL_CONVERSION = YES;
				CLANG_WARN_OBJC_ROOT_CLASS = YES_ERROR;
				CLANG_WARN_RANGE_LOOP_ANALYSIS = YES;
				CLANG_WARN_STRICT_PROTOTYPES = YES;
				CLANG_WARN_SUSPICIOUS_MOVE = YES;
				CLANG_WARN_UNGUARDED_AVAILABILITY = YES_AGGRESSIVE;
				CLANG_WARN_UNREACHABLE_CODE = YES;
				CLANG_WARN__DUPLICATE_METHOD_MATCH = YES;
				CODE_SIGN_IDENTITY = "iPhone Developer";
				COPY_PHASE_STRIP = NO;
				DEBUG_INFORMATION_FORMAT = "dwarf-with-dsym";
				ENABLE_NS_ASSERTIONS = NO;
				ENABLE_STRICT_OBJC_MSGSEND = YES;
				GCC_C_LANGUAGE_STANDARD = gnu11;
				GCC_NO_COMMON_BLOCKS = YES;
				GCC_WARN_64_TO_32_BIT_CONVERSION = YES;
				GCC_WARN_ABOUT_RETURN_TYPE = YES_ERROR;
				GCC_WARN_UNDECLARED_SELECTOR = YES;
				GCC_WARN_UNINITIALIZED_AUTOS = YES_AGGRESSIVE;
				GCC_WARN_UNUSED_FUNCTION = YES;
				GCC_WARN_UNUSED_VARIABLE = YES;
				IPHONEOS_DEPLOYMENT_TARGET = 11.4;
				MTL_ENABLE_DEBUG_INFO = NO;
				SDKROOT = iphoneos;
				SWIFT_COMPILATION_MODE = wholemodule;
				SWIFT_OPTIMIZATION_LEVEL = "-O";
				VALIDATE_PRODUCT = YES;
			};
			name = Release;
		};
		4D12133120CB7CBB006B6F36 /* Debug */ = {
			isa = XCBuildConfiguration;
			baseConfigurationReference = D836EAD77F36D8155E59D33C /* Pods-allezVoyagez.debug.xcconfig */;
			buildSettings = {
				ASSETCATALOG_COMPILER_APPICON_NAME = AppIcon;
				CODE_SIGN_STYLE = Automatic;
				DEVELOPMENT_TEAM = M656G7437U;
				INFOPLIST_FILE = allezVoyagez/Info.plist;
				LD_RUNPATH_SEARCH_PATHS = (
					"$(inherited)",
					"@executable_path/Frameworks",
				);
				PRODUCT_BUNDLE_IDENTIFIER = cltang.allezVoyagez;
				PRODUCT_NAME = "$(TARGET_NAME)";
				SWIFT_VERSION = 4.0;
				TARGETED_DEVICE_FAMILY = 1;
			};
			name = Debug;
		};
		4D12133220CB7CBB006B6F36 /* Release */ = {
			isa = XCBuildConfiguration;
			baseConfigurationReference = 99E0D85B286E36577565A488 /* Pods-allezVoyagez.release.xcconfig */;
			buildSettings = {
				ASSETCATALOG_COMPILER_APPICON_NAME = AppIcon;
				CODE_SIGN_STYLE = Automatic;
				DEVELOPMENT_TEAM = M656G7437U;
				INFOPLIST_FILE = allezVoyagez/Info.plist;
				LD_RUNPATH_SEARCH_PATHS = (
					"$(inherited)",
					"@executable_path/Frameworks",
				);
				PRODUCT_BUNDLE_IDENTIFIER = cltang.allezVoyagez;
				PRODUCT_NAME = "$(TARGET_NAME)";
				SWIFT_VERSION = 4.0;
				TARGETED_DEVICE_FAMILY = 1;
			};
			name = Release;
		};
/* End XCBuildConfiguration section */

/* Begin XCConfigurationList section */
		4D12131620CB7CBA006B6F36 /* Build configuration list for PBXProject "allezVoyagez" */ = {
			isa = XCConfigurationList;
			buildConfigurations = (
				4D12132E20CB7CBB006B6F36 /* Debug */,
				4D12132F20CB7CBB006B6F36 /* Release */,
			);
			defaultConfigurationIsVisible = 0;
			defaultConfigurationName = Release;
		};
		4D12133020CB7CBB006B6F36 /* Build configuration list for PBXNativeTarget "allezVoyagez" */ = {
			isa = XCConfigurationList;
			buildConfigurations = (
				4D12133120CB7CBB006B6F36 /* Debug */,
				4D12133220CB7CBB006B6F36 /* Release */,
			);
			defaultConfigurationIsVisible = 0;
			defaultConfigurationName = Release;
		};
/* End XCConfigurationList section */

/* Begin XCVersionGroup section */
		4D12132520CB7CBA006B6F36 /* allezVoyagez.xcdatamodeld */ = {
			isa = XCVersionGroup;
			children = (
				4D12132620CB7CBA006B6F36 /* allezVoyagez.xcdatamodel */,
			);
			currentVersion = 4D12132620CB7CBA006B6F36 /* allezVoyagez.xcdatamodel */;
			path = allezVoyagez.xcdatamodeld;
			sourceTree = "<group>";
			versionGroupType = wrapper.xcdatamodel;
		};
/* End XCVersionGroup section */
	};
	rootObject = 4D12131320CB7CBA006B6F36 /* Project object */;
}
